
Microsoft Visual Studio Solution File, Format Version 12.00
# Visual Studio Version 17
VisualStudioVersion = 17.8.34511.84
MinimumVisualStudioVersion = 10.0.40219.1
Project("{FAE04EC0-301F-11D3-BF4B-00C04F79EFBC}") = "VillaAPI", "VillaAPI\VillaAPI.csproj", "{E9733394-4243-4907-B541-2C5D2F81934A}"
EndProject
Global
	GlobalSection(SolutionConfigurationPlatforms) = preSolution
		Debug|Any CPU = Debug|Any CPU
		Release|Any CPU = Release|Any CPU
	EndGlobalSection
	GlobalSection(ProjectConfigurationPlatforms) = postSolution
		{E9733394-4243-4907-B541-2C5D2F81934A}.Debug|Any CPU.ActiveCfg = Debug|Any CPU
		{E9733394-4243-4907-B541-2C5D2F81934A}.Debug|Any CPU.Build.0 = Debug|Any CPU
		{E9733394-4243-4907-B541-2C5D2F81934A}.Release|Any CPU.ActiveCfg = Release|Any CPU
		{E9733394-4243-4907-B541-2C5D2F81934A}.Release|Any CPU.Build.0 = Release|Any CPU
	EndGlobalSection
	GlobalSection(SolutionProperties) = preSolution
		HideSolutionNode = FALSE
	EndGlobalSection
	GlobalSection(ExtensibilityGlobals) = postSolution
		SolutionGuid = {29C71F4B-353E-41A5-891D-3C6FA0D69E33}
	EndGlobalSection
EndGlobal
